
Microsoft Visual Studio Solution File, Format Version 12.00
# Visual Studio 15
VisualStudioVersion = 15.0.28010.2050
MinimumVisualStudioVersion = 10.0.40219.1
Project("{888888A0-9F3D-457C-B088-3A5042F75D52}") = "h2_coldens", "h2_coldens\h2_coldens.pyproj", "{12F065E2-22E4-456F-954E-4DFB68B72CA7}"
EndProject
Global
	GlobalSection(SolutionConfigurationPlatforms) = preSolution
		Debug|Any CPU = Debug|Any CPU
		Release|Any CPU = Release|Any CPU
	EndGlobalSection
	GlobalSection(ProjectConfigurationPlatforms) = postSolution
		{12F065E2-22E4-456F-954E-4DFB68B72CA7}.Debug|Any CPU.ActiveCfg = Debug|Any CPU
		{12F065E2-22E4-456F-954E-4DFB68B72CA7}.Release|Any CPU.ActiveCfg = Release|Any CPU
	EndGlobalSection
	GlobalSection(SolutionProperties) = preSolution
		HideSolutionNode = FALSE
	EndGlobalSection
	GlobalSection(ExtensibilityGlobals) = postSolution
		SolutionGuid = {DC3482A1-A6BF-4B12-A37A-78A9B6439098}
	EndGlobalSection
EndGlobal
